{
  "pins" : [
    {
      "identity" : "airwallex-risk-ios",
      "kind" : "remoteSourceControl",
      "location" : "https://github.com/airwallex/airwallex-risk-ios.git",
      "state" : {
        "revision" : "e266b8890943f2d357b9036dba2677214935cc35",
        "version" : "0.0.1"
      }
    }
  ],
  "version" : 2
}
