{
  "pins" : [
    {
      "identity" : "airwallex-risk-ios",
      "kind" : "remoteSourceControl",
      "location" : "https://github.com/airwallex/airwallex-risk-ios.git",
      "state" : {
        "revision" : "6a56f9e96f3438546e0758caf1da979470d78b1c",
        "version" : "1.0.0"
      }
    }
  ],
  "version" : 2
}
