// !$*UTF8*$!
{
	archiveVersion = 1;
	classes = {
	};
	objectVersion = 56;
	objects = {

/* Begin PBXBuildFile section */
		1D6377542A70D7D5006BC59E /* AirwallexRiskExampleApp.swift in Sources */ = {isa = PBXBuildFile; fileRef = 1D6377532A70D7D5006BC59E /* AirwallexRiskExampleApp.swift */; };
		1D6377562A70D7D5006BC59E /* ContentView.swift in Sources */ = {isa = PBXBuildFile; fileRef = 1D6377552A70D7D5006BC59E /* ContentView.swift */; };
		1D6377582A70D7D6006BC59E /* Assets.xcassets in Resources */ = {isa = PBXBuildFile; fileRef = 1D6377572A70D7D6006BC59E /* Assets.xcassets */; };
		1D63775B2A70D7D6006BC59E /* Preview Assets.xcassets in Resources */ = {isa = PBXBuildFile; fileRef = 1D63775A2A70D7D6006BC59E /* Preview Assets.xcassets */; };
		1D6377632A70D7EF006BC59E /* AirwallexRisk in Frameworks */ = {isa = PBXBuildFile; productRef = 1D6377622A70D7EF006BC59E /* AirwallexRisk */; };
		1D6377652A70DF60006BC59E /* ContentViewModel.swift in Sources */ = {isa = PBXBuildFile; fileRef = 1D6377642A70DF60006BC59E /* ContentViewModel.swift */; };
		1D6377672A70E113006BC59E /* AuthService.swift in Sources */ = {isa = PBXBuildFile; fileRef = 1D6377662A70E113006BC59E /* AuthService.swift */; };
		1D6377692A70E308006BC59E /* PaymentManager.swift in Sources */ = {isa = PBXBuildFile; fileRef = 1D6377682A70E308006BC59E /* PaymentManager.swift */; };
		1D63776B2A71E926006BC59E /* EntryView.swift in Sources */ = {isa = PBXBuildFile; fileRef = 1D63776A2A71E926006BC59E /* EntryView.swift */; };
		1D63776D2A71E93B006BC59E /* PaymentView.swift in Sources */ = {isa = PBXBuildFile; fileRef = 1D63776C2A71E93B006BC59E /* PaymentView.swift */; };
/* End PBXBuildFile section */

/* Begin PBXFileReference section */
		1D6377502A70D7D5006BC59E /* AirwallexRiskExample.app */ = {isa = PBXFileReference; explicitFileType = wrapper.application; includeInIndex = 0; path = AirwallexRiskExample.app; sourceTree = BUILT_PRODUCTS_DIR; };
		1D6377532A70D7D5006BC59E /* AirwallexRiskExampleApp.swift */ = {isa = PBXFileReference; lastKnownFileType = sourcecode.swift; path = AirwallexRiskExampleApp.swift; sourceTree = "<group>"; };
		1D6377552A70D7D5006BC59E /* ContentView.swift */ = {isa = PBXFileReference; lastKnownFileType = sourcecode.swift; path = ContentView.swift; sourceTree = "<group>"; };
		1D6377572A70D7D6006BC59E /* Assets.xcassets */ = {isa = PBXFileReference; lastKnownFileType = folder.assetcatalog; path = Assets.xcassets; sourceTree = "<group>"; };
		1D63775A2A70D7D6006BC59E /* Preview Assets.xcassets */ = {isa = PBXFileReference; lastKnownFileType = folder.assetcatalog; path = "Preview Assets.xcassets"; sourceTree = "<group>"; };
		1D6377642A70DF60006BC59E /* ContentViewModel.swift */ = {isa = PBXFileReference; lastKnownFileType = sourcecode.swift; path = ContentViewModel.swift; sourceTree = "<group>"; };
		1D6377662A70E113006BC59E /* AuthService.swift */ = {isa = PBXFileReference; lastKnownFileType = sourcecode.swift; path = AuthService.swift; sourceTree = "<group>"; };
		1D6377682A70E308006BC59E /* PaymentManager.swift */ = {isa = PBXFileReference; lastKnownFileType = sourcecode.swift; path = PaymentManager.swift; sourceTree = "<group>"; };
		1D63776A2A71E926006BC59E /* EntryView.swift */ = {isa = PBXFileReference; lastKnownFileType = sourcecode.swift; path = EntryView.swift; sourceTree = "<group>"; };
		1D63776C2A71E93B006BC59E /* PaymentView.swift */ = {isa = PBXFileReference; lastKnownFileType = sourcecode.swift; path = PaymentView.swift; sourceTree = "<group>"; };
/* End PBXFileReference section */

/* Begin PBXFrameworksBuildPhase section */
		1D63774D2A70D7D5006BC59E /* Frameworks */ = {
			isa = PBXFrameworksBuildPhase;
			buildActionMask = 2147483647;
			files = (
				1D6377632A70D7EF006BC59E /* AirwallexRisk in Frameworks */,
			);
			runOnlyForDeploymentPostprocessing = 0;
		};
/* End PBXFrameworksBuildPhase section */

/* Begin PBXGroup section */
		1D6377472A70D7D5006BC59E = {
			isa = PBXGroup;
			children = (
				1D6377522A70D7D5006BC59E /* AirwallexRiskExample */,
				1D6377512A70D7D5006BC59E /* Products */,
			);
			sourceTree = "<group>";
		};
		1D6377512A70D7D5006BC59E /* Products */ = {
			isa = PBXGroup;
			children = (
				1D6377502A70D7D5006BC59E /* AirwallexRiskExample.app */,
			);
			name = Products;
			sourceTree = "<group>";
		};
		1D6377522A70D7D5006BC59E /* AirwallexRiskExample */ = {
			isa = PBXGroup;
			children = (
				1D6377532A70D7D5006BC59E /* AirwallexRiskExampleApp.swift */,
				1D63776E2A71E94A006BC59E /* Views */,
				1D6377642A70DF60006BC59E /* ContentViewModel.swift */,
				1D6377662A70E113006BC59E /* AuthService.swift */,
				1D6377682A70E308006BC59E /* PaymentManager.swift */,
				1D6377572A70D7D6006BC59E /* Assets.xcassets */,
				1D6377592A70D7D6006BC59E /* Preview Content */,
			);
			path = AirwallexRiskExample;
			sourceTree = "<group>";
		};
		1D6377592A70D7D6006BC59E /* Preview Content */ = {
			isa = PBXGroup;
			children = (
				1D63775A2A70D7D6006BC59E /* Preview Assets.xcassets */,
			);
			path = "Preview Content";
			sourceTree = "<group>";
		};
		1D63776E2A71E94A006BC59E /* Views */ = {
			isa = PBXGroup;
			children = (
				1D6377552A70D7D5006BC59E /* ContentView.swift */,
				1D63776A2A71E926006BC59E /* EntryView.swift */,
				1D63776C2A71E93B006BC59E /* PaymentView.swift */,
			);
			path = Views;
			sourceTree = "<group>";
		};
/* End PBXGroup section */

/* Begin PBXNativeTarget section */
		1D63774F2A70D7D5006BC59E /* AirwallexRiskExample */ = {
			isa = PBXNativeTarget;
			buildConfigurationList = 1D63775E2A70D7D6006BC59E /* Build configuration list for PBXNativeTarget "AirwallexRiskExample" */;
			buildPhases = (
				1D63774C2A70D7D5006BC59E /* Sources */,
				1D63774D2A70D7D5006BC59E /* Frameworks */,
				1D63774E2A70D7D5006BC59E /* Resources */,
			);
			buildRules = (
			);
			dependencies = (
			);
			name = AirwallexRiskExample;
			packageProductDependencies = (
				1D6377622A70D7EF006BC59E /* AirwallexRisk */,
			);
			productName = AirwallexRiskExample;
			productReference = 1D6377502A70D7D5006BC59E /* AirwallexRiskExample.app */;
			productType = "com.apple.product-type.application";
		};
/* End PBXNativeTarget section */

/* Begin PBXProject section */
		1D6377482A70D7D5006BC59E /* Project object */ = {
			isa = PBXProject;
			attributes = {
				BuildIndependentTargetsInParallel = 1;
				LastSwiftUpdateCheck = 1430;
				LastUpgradeCheck = 1430;
				TargetAttributes = {
					1D63774F2A70D7D5006BC59E = {
						CreatedOnToolsVersion = 14.3.1;
					};
				};
			};
			buildConfigurationList = 1D63774B2A70D7D5006BC59E /* Build configuration list for PBXProject "AirwallexRiskExample" */;
			compatibilityVersion = "Xcode 14.0";
			developmentRegion = en;
			hasScannedForEncodings = 0;
			knownRegions = (
				en,
				Base,
			);
			mainGroup = 1D6377472A70D7D5006BC59E;
			packageReferences = (
				1D6377612A70D7EF006BC59E /* XCRemoteSwiftPackageReference "airwallex-risk-ios" */,
			);
			productRefGroup = 1D6377512A70D7D5006BC59E /* Products */;
			projectDirPath = "";
			projectRoot = "";
			targets = (
				1D63774F2A70D7D5006BC59E /* AirwallexRiskExample */,
			);
		};
/* End PBXProject section */

/* Begin PBXResourcesBuildPhase section */
		1D63774E2A70D7D5006BC59E /* Resources */ = {
			isa = PBXResourcesBuildPhase;
			buildActionMask = 2147483647;
			files = (
				1D63775B2A70D7D6006BC59E /* Preview Assets.xcassets in Resources */,
				1D6377582A70D7D6006BC59E /* Assets.xcassets in Resources */,
			);
			runOnlyForDeploymentPostprocessing = 0;
		};
/* End PBXResourcesBuildPhase section */

/* Begin PBXSourcesBuildPhase section */
		1D63774C2A70D7D5006BC59E /* Sources */ = {
			isa = PBXSourcesBuildPhase;
			buildActionMask = 2147483647;
			files = (
				1D6377562A70D7D5006BC59E /* ContentView.swift in Sources */,
				1D6377692A70E308006BC59E /* PaymentManager.swift in Sources */,
				1D63776D2A71E93B006BC59E /* PaymentView.swift in Sources */,
				1D6377672A70E113006BC59E /* AuthService.swift in Sources */,
				1D6377542A70D7D5006BC59E /* AirwallexRiskExampleApp.swift in Sources */,
				1D6377652A70DF60006BC59E /* ContentViewModel.swift in Sources */,
				1D63776B2A71E926006BC59E /* EntryView.swift in Sources */,
			);
			runOnlyForDeploymentPostprocessing = 0;
		};
/* End PBXSourcesBuildPhase section */

/* Begin XCBuildConfiguration section */
		1D63775C2A70D7D6006BC59E /* Debug */ = {
			isa = XCBuildConfiguration;
			buildSettings = {
				ALWAYS_SEARCH_USER_PATHS = NO;
				CLANG_ANALYZER_NONNULL = YES;
				CLANG_ANALYZER_NUMBER_OBJECT_CONVERSION = YES_AGGRESSIVE;
				CLANG_CXX_LANGUAGE_STANDARD = "gnu++20";
				CLANG_ENABLE_MODULES = YES;
				CLANG_ENABLE_OBJC_ARC = YES;
				CLANG_ENABLE_OBJC_WEAK = YES;
				CLANG_WARN_BLOCK_CAPTURE_AUTORELEASING = YES;
				CLANG_WARN_BOOL_CONVERSION = YES;
				CLANG_WARN_COMMA = YES;
				CLANG_WARN_CONSTANT_CONVERSION = YES;
				CLANG_WARN_DEPRECATED_OBJC_IMPLEMENTATIONS = YES;
				CLANG_WARN_DIRECT_OBJC_ISA_USAGE = YES_ERROR;
				CLANG_WARN_DOCUMENTATION_COMMENTS = YES;
				CLANG_WARN_EMPTY_BODY = YES;
				CLANG_WARN_ENUM_CONVERSION = YES;
				CLANG_WARN_INFINITE_RECURSION = YES;
				CLANG_WARN_INT_CONVERSION = YES;
				CLANG_WARN_NON_LITERAL_NULL_CONVERSION = YES;
				CLANG_WARN_OBJC_IMPLICIT_RETAIN_SELF = YES;
				CLANG_WARN_OBJC_LITERAL_CONVERSION = YES;
				CLANG_WARN_OBJC_ROOT_CLASS = YES_ERROR;
				CLANG_WARN_QUOTED_INCLUDE_IN_FRAMEWORK_HEADER = YES;
				CLANG_WARN_RANGE_LOOP_ANALYSIS = YES;
				CLANG_WARN_STRICT_PROTOTYPES = YES;
				CLANG_WARN_SUSPICIOUS_MOVE = YES;
				CLANG_WARN_UNGUARDED_AVAILABILITY = YES_AGGRESSIVE;
				CLANG_WARN_UNREACHABLE_CODE = YES;
				CLANG_WARN__DUPLICATE_METHOD_MATCH = YES;
				COPY_PHASE_STRIP = NO;
				DEBUG_INFORMATION_FORMAT = dwarf;
				ENABLE_STRICT_OBJC_MSGSEND = YES;
				ENABLE_TESTABILITY = YES;
				GCC_C_LANGUAGE_STANDARD = gnu11;
				GCC_DYNAMIC_NO_PIC = NO;
				GCC_NO_COMMON_BLOCKS = YES;
				GCC_OPTIMIZATION_LEVEL = 0;
				GCC_PREPROCESSOR_DEFINITIONS = (
					"DEBUG=1",
					"$(inherited)",
				);
				GCC_WARN_64_TO_32_BIT_CONVERSION = YES;
				GCC_WARN_ABOUT_RETURN_TYPE = YES_ERROR;
				GCC_WARN_UNDECLARED_SELECTOR = YES;
				GCC_WARN_UNINITIALIZED_AUTOS = YES_AGGRESSIVE;
				GCC_WARN_UNUSED_FUNCTION = YES;
				GCC_WARN_UNUSED_VARIABLE = YES;
				IPHONEOS_DEPLOYMENT_TARGET = 16.4;
				MTL_ENABLE_DEBUG_INFO = INCLUDE_SOURCE;
				MTL_FAST_MATH = YES;
				ONLY_ACTIVE_ARCH = YES;
				SDKROOT = iphoneos;
				SWIFT_ACTIVE_COMPILATION_CONDITIONS = DEBUG;
				SWIFT_OPTIMIZATION_LEVEL = "-Onone";
			};
			name = Debug;
		};
		1D63775D2A70D7D6006BC59E /* Release */ = {
			isa = XCBuildConfiguration;
			buildSettings = {
				ALWAYS_SEARCH_USER_PATHS = NO;
				CLANG_ANALYZER_NONNULL = YES;
				CLANG_ANALYZER_NUMBER_OBJECT_CONVERSION = YES_AGGRESSIVE;
				CLANG_CXX_LANGUAGE_STANDARD = "gnu++20";
				CLANG_ENABLE_MODULES = YES;
				CLANG_ENABLE_OBJC_ARC = YES;
				CLANG_ENABLE_OBJC_WEAK = YES;
				CLANG_WARN_BLOCK_CAPTURE_AUTORELEASING = YES;
				CLANG_WARN_BOOL_CONVERSION = YES;
				CLANG_WARN_COMMA = YES;
				CLANG_WARN_CONSTANT_CONVERSION = YES;
				CLANG_WARN_DEPRECATED_OBJC_IMPLEMENTATIONS = YES;
				CLANG_WARN_DIRECT_OBJC_ISA_USAGE = YES_ERROR;
				CLANG_WARN_DOCUMENTATION_COMMENTS = YES;
				CLANG_WARN_EMPTY_BODY = YES;
				CLANG_WARN_ENUM_CONVERSION = YES;
				CLANG_WARN_INFINITE_RECURSION = YES;
				CLANG_WARN_INT_CONVERSION = YES;
				CLANG_WARN_NON_LITERAL_NULL_CONVERSION = YES;
				CLANG_WARN_OBJC_IMPLICIT_RETAIN_SELF = YES;
				CLANG_WARN_OBJC_LITERAL_CONVERSION = YES;
				CLANG_WARN_OBJC_ROOT_CLASS = YES_ERROR;
				CLANG_WARN_QUOTED_INCLUDE_IN_FRAMEWORK_HEADER = YES;
				CLANG_WARN_RANGE_LOOP_ANALYSIS = YES;
				CLANG_WARN_STRICT_PROTOTYPES = YES;
				CLANG_WARN_SUSPICIOUS_MOVE = YES;
				CLANG_WARN_UNGUARDED_AVAILABILITY = YES_AGGRESSIVE;
				CLANG_WARN_UNREACHABLE_CODE = YES;
				CLANG_WARN__DUPLICATE_METHOD_MATCH = YES;
				COPY_PHASE_STRIP = NO;
				DEBUG_INFORMATION_FORMAT = "dwarf-with-dsym";
				ENABLE_NS_ASSERTIONS = NO;
				ENABLE_STRICT_OBJC_MSGSEND = YES;
				GCC_C_LANGUAGE_STANDARD = gnu11;
				GCC_NO_COMMON_BLOCKS = YES;
				GCC_WARN_64_TO_32_BIT_CONVERSION = YES;
				GCC_WARN_ABOUT_RETURN_TYPE = YES_ERROR;
				GCC_WARN_UNDECLARED_SELECTOR = YES;
				GCC_WARN_UNINITIALIZED_AUTOS = YES_AGGRESSIVE;
				GCC_WARN_UNUSED_FUNCTION = YES;
				GCC_WARN_UNUSED_VARIABLE = YES;
				IPHONEOS_DEPLOYMENT_TARGET = 16.4;
				MTL_ENABLE_DEBUG_INFO = NO;
				MTL_FAST_MATH = YES;
				SDKROOT = iphoneos;
				SWIFT_COMPILATION_MODE = wholemodule;
				SWIFT_OPTIMIZATION_LEVEL = "-O";
				VALIDATE_PRODUCT = YES;
			};
			name = Release;
		};
		1D63775F2A70D7D6006BC59E /* Debug */ = {
			isa = XCBuildConfiguration;
			buildSettings = {
				ASSETCATALOG_COMPILER_APPICON_NAME = AppIcon;
				ASSETCATALOG_COMPILER_GLOBAL_ACCENT_COLOR_NAME = AccentColor;
				CODE_SIGN_STYLE = Manual;
				CURRENT_PROJECT_VERSION = 1;
				DEVELOPMENT_ASSET_PATHS = "\"AirwallexRiskExample/Preview Content\"";
				DEVELOPMENT_TEAM = "";
				ENABLE_PREVIEWS = YES;
				GENERATE_INFOPLIST_FILE = YES;
				INFOPLIST_KEY_UIApplicationSceneManifest_Generation = YES;
				INFOPLIST_KEY_UIApplicationSupportsIndirectInputEvents = YES;
				INFOPLIST_KEY_UILaunchScreen_Generation = YES;
				INFOPLIST_KEY_UISupportedInterfaceOrientations_iPad = "UIInterfaceOrientationPortrait UIInterfaceOrientationPortraitUpsideDown UIInterfaceOrientationLandscapeLeft UIInterfaceOrientationLandscapeRight";
				INFOPLIST_KEY_UISupportedInterfaceOrientations_iPhone = "UIInterfaceOrientationPortrait UIInterfaceOrientationLandscapeLeft UIInterfaceOrientationLandscapeRight";
				LD_RUNPATH_SEARCH_PATHS = (
					"$(inherited)",
					"@executable_path/Frameworks",
				);
				MARKETING_VERSION = 1.0;
				PRODUCT_BUNDLE_IDENTIFIER = com.airwallex.AirwallexRiskExample;
				PRODUCT_NAME = "$(TARGET_NAME)";
				PROVISIONING_PROFILE_SPECIFIER = "";
				SWIFT_EMIT_LOC_STRINGS = YES;
				SWIFT_VERSION = 5.0;
				TARGETED_DEVICE_FAMILY = "1,2";
			};
			name = Debug;
		};
		1D6377602A70D7D6006BC59E /* Release */ = {
			isa = XCBuildConfiguration;
			buildSettings = {
				ASSETCATALOG_COMPILER_APPICON_NAME = AppIcon;
				ASSETCATALOG_COMPILER_GLOBAL_ACCENT_COLOR_NAME = AccentColor;
				CODE_SIGN_STYLE = Manual;
				CURRENT_PROJECT_VERSION = 1;
				DEVELOPMENT_ASSET_PATHS = "\"AirwallexRiskExample/Preview Content\"";
				DEVELOPMENT_TEAM = "";
				ENABLE_PREVIEWS = YES;
				GENERATE_INFOPLIST_FILE = YES;
				INFOPLIST_KEY_UIApplicationSceneManifest_Generation = YES;
				INFOPLIST_KEY_UIApplicationSupportsIndirectInputEvents = YES;
				INFOPLIST_KEY_UILaunchScreen_Generation = YES;
				INFOPLIST_KEY_UISupportedInterfaceOrientations_iPad = "UIInterfaceOrientationPortrait UIInterfaceOrientationPortraitUpsideDown UIInterfaceOrientationLandscapeLeft UIInterfaceOrientationLandscapeRight";
				INFOPLIST_KEY_UISupportedInterfaceOrientations_iPhone = "UIInterfaceOrientationPortrait UIInterfaceOrientationLandscapeLeft UIInterfaceOrientationLandscapeRight";
				LD_RUNPATH_SEARCH_PATHS = (
					"$(inherited)",
					"@executable_path/Frameworks",
				);
				MARKETING_VERSION = 1.0;
				PRODUCT_BUNDLE_IDENTIFIER = com.airwallex.AirwallexRiskExample;
				PRODUCT_NAME = "$(TARGET_NAME)";
				PROVISIONING_PROFILE_SPECIFIER = "";
				SWIFT_EMIT_LOC_STRINGS = YES;
				SWIFT_VERSION = 5.0;
				TARGETED_DEVICE_FAMILY = "1,2";
			};
			name = Release;
		};
/* End XCBuildConfiguration section */

/* Begin XCConfigurationList section */
		1D63774B2A70D7D5006BC59E /* Build configuration list for PBXProject "AirwallexRiskExample" */ = {
			isa = XCConfigurationList;
			buildConfigurations = (
				1D63775C2A70D7D6006BC59E /* Debug */,
				1D63775D2A70D7D6006BC59E /* Release */,
			);
			defaultConfigurationIsVisible = 0;
			defaultConfigurationName = Release;
		};
		1D63775E2A70D7D6006BC59E /* Build configuration list for PBXNativeTarget "AirwallexRiskExample" */ = {
			isa = XCConfigurationList;
			buildConfigurations = (
				1D63775F2A70D7D6006BC59E /* Debug */,
				1D6377602A70D7D6006BC59E /* Release */,
			);
			defaultConfigurationIsVisible = 0;
			defaultConfigurationName = Release;
		};
/* End XCConfigurationList section */

/* Begin XCRemoteSwiftPackageReference section */
		1D6377612A70D7EF006BC59E /* XCRemoteSwiftPackageReference "airwallex-risk-ios" */ = {
			isa = XCRemoteSwiftPackageReference;
			repositoryURL = "https://github.com/airwallex/airwallex-risk-ios.git";
			requirement = {
				kind = upToNextMajorVersion;
				minimumVersion = 0.0.1;
			};
		};
/* End XCRemoteSwiftPackageReference section */

/* Begin XCSwiftPackageProductDependency section */
		1D6377622A70D7EF006BC59E /* AirwallexRisk */ = {
			isa = XCSwiftPackageProductDependency;
			package = 1D6377612A70D7EF006BC59E /* XCRemoteSwiftPackageReference "airwallex-risk-ios" */;
			productName = AirwallexRisk;
		};
/* End XCSwiftPackageProductDependency section */
	};
	rootObject = 1D6377482A70D7D5006BC59E /* Project object */;
}
